
Microsoft Visual Studio Solution File, Format Version 12.00
# Visual Studio Version 17
VisualStudioVersion = 17.1.31911.260
MinimumVisualStudioVersion = 10.0.40219.1
Project("{9A19103F-16F7-4668-BE54-9A1E7A4F7556}") = "WordCount.WebApi", "src\WordCount.WebApi\WordCount.WebApi.csproj", "{50585D7B-1507-4208-A34E-384A06A934AA}"
EndProject
Project("{FAE04EC0-301F-11D3-BF4B-00C04F79EFBC}") = "WordCount.Application", "src\WordCount.Application\WordCount.Application.csproj", "{FE23815E-D303-40A0-9DD4-E901B22D5804}"
EndProject
Project("{FAE04EC0-301F-11D3-BF4B-00C04F79EFBC}") = "WordCount.Infrastructure", "src\WordCount.Infrastructure\WordCount.Infrastructure.csproj", "{1B4FBF9C-BEE4-4E6A-B914-5879B78070CF}"
EndProject
Global
	GlobalSection(SolutionConfigurationPlatforms) = preSolution
		Debug|Any CPU = Debug|Any CPU
		Release|Any CPU = Release|Any CPU
	EndGlobalSection
	GlobalSection(ProjectConfigurationPlatforms) = postSolution
		{50585D7B-1507-4208-A34E-384A06A934AA}.Debug|Any CPU.ActiveCfg = Debug|Any CPU
		{50585D7B-1507-4208-A34E-384A06A934AA}.Debug|Any CPU.Build.0 = Debug|Any CPU
		{50585D7B-1507-4208-A34E-384A06A934AA}.Release|Any CPU.ActiveCfg = Release|Any CPU
		{50585D7B-1507-4208-A34E-384A06A934AA}.Release|Any CPU.Build.0 = Release|Any CPU
		{FE23815E-D303-40A0-9DD4-E901B22D5804}.Debug|Any CPU.ActiveCfg = Debug|Any CPU
		{FE23815E-D303-40A0-9DD4-E901B22D5804}.Debug|Any CPU.Build.0 = Debug|Any CPU
		{FE23815E-D303-40A0-9DD4-E901B22D5804}.Release|Any CPU.ActiveCfg = Release|Any CPU
		{FE23815E-D303-40A0-9DD4-E901B22D5804}.Release|Any CPU.Build.0 = Release|Any CPU
		{1B4FBF9C-BEE4-4E6A-B914-5879B78070CF}.Debug|Any CPU.ActiveCfg = Debug|Any CPU
		{1B4FBF9C-BEE4-4E6A-B914-5879B78070CF}.Debug|Any CPU.Build.0 = Debug|Any CPU
		{1B4FBF9C-BEE4-4E6A-B914-5879B78070CF}.Release|Any CPU.ActiveCfg = Release|Any CPU
		{1B4FBF9C-BEE4-4E6A-B914-5879B78070CF}.Release|Any CPU.Build.0 = Release|Any CPU
	EndGlobalSection
	GlobalSection(SolutionProperties) = preSolution
		HideSolutionNode = FALSE
	EndGlobalSection
	GlobalSection(ExtensibilityGlobals) = postSolution
		SolutionGuid = {EACC5630-F44D-4781-8839-EC16DE542BB4}
	EndGlobalSection
EndGlobal
